
Microsoft Visual Studio Solution File, Format Version 12.00
# Visual Studio Version 17
VisualStudioVersion = 17.0.31903.59
MinimumVisualStudioVersion = 10.0.40219.1
Project("{2150E333-8FDC-42A3-9474-1A3956D46DE8}") = "AdventOfCode2025", "AdventOfCode2025", "{896A7617-D98E-96F4-CF5B-964F4EC1A34A}"
EndProject
Project("{2150E333-8FDC-42A3-9474-1A3956D46DE8}") = "Day1", "Day1", "{78603465-25AE-1654-9AC0-674414C639E7}"
EndProject
Project("{FAE04EC0-301F-11D3-BF4B-00C04F79EFBC}") = "AoC1", "AdventOfCode2025\Day1\AoC1\AoC1.csproj", "{1A26A5D2-5696-4A7B-B10E-E6070E30DBF6}"
EndProject
Project("{FAE04EC0-301F-11D3-BF4B-00C04F79EFBC}") = "AoC1Test", "AdventOfCode2025\Day1\AoC1Test\AoC1Test.csproj", "{7337B308-2E7B-40CA-BBF9-725344E97EFF}"
EndProject
Project("{2150E333-8FDC-42A3-9474-1A3956D46DE8}") = "Day2", "Day2", "{0EC5BBCA-D07F-3DD1-AFCB-661DA8EDE1FF}"
EndProject
Project("{FAE04EC0-301F-11D3-BF4B-00C04F79EFBC}") = "AoC2", "AdventOfCode2025\Day2\AoC2\AoC2.csproj", "{A80421CD-499C-409E-9D5A-1DA51BBAEF93}"
EndProject
Project("{FAE04EC0-301F-11D3-BF4B-00C04F79EFBC}") = "AoC2Test", "AdventOfCode2025\Day2\AoC2Test\AoC2Test.csproj", "{C9D4084D-46C0-406C-9469-5B2B0A15E1EE}"
EndProject
Project("{2150E333-8FDC-42A3-9474-1A3956D46DE8}") = "Day3", "Day3", "{5E9F3305-55AA-202C-434D-EF4C3550337B}"
EndProject
Project("{FAE04EC0-301F-11D3-BF4B-00C04F79EFBC}") = "AoC3", "AdventOfCode2025\Day3\AoC3\AoC3.csproj", "{310D33B8-22C1-45D5-8072-26345315CA5C}"
EndProject
Project("{FAE04EC0-301F-11D3-BF4B-00C04F79EFBC}") = "AoC3Test", "AdventOfCode2025\Day3\AoC3Test\AoC3Test.csproj", "{E9239081-B26C-476B-AC37-A4F4B1FB4458}"
EndProject
Project("{2150E333-8FDC-42A3-9474-1A3956D46DE8}") = "Day4", "Day4", "{1901C3C1-A70D-E31A-6848-AF6B6CCBDBD3}"
EndProject
Project("{FAE04EC0-301F-11D3-BF4B-00C04F79EFBC}") = "AoC4", "AdventOfCode2025\Day4\AoC4\AoC4.csproj", "{EC4FE0EE-BA83-468C-A686-4F8224B7795F}"
EndProject
Project("{FAE04EC0-301F-11D3-BF4B-00C04F79EFBC}") = "AoC4Test", "AdventOfCode2025\Day4\AoC4Test\AoC4Test.csproj", "{73B6C5C2-F191-4874-A96D-BDAA9CDB2F9D}"
EndProject
Global
	GlobalSection(SolutionConfigurationPlatforms) = preSolution
		Debug|Any CPU = Debug|Any CPU
		Debug|x64 = Debug|x64
		Debug|x86 = Debug|x86
		Release|Any CPU = Release|Any CPU
		Release|x64 = Release|x64
		Release|x86 = Release|x86
	EndGlobalSection
	GlobalSection(ProjectConfigurationPlatforms) = postSolution
		{1A26A5D2-5696-4A7B-B10E-E6070E30DBF6}.Debug|Any CPU.ActiveCfg = Debug|Any CPU
		{1A26A5D2-5696-4A7B-B10E-E6070E30DBF6}.Debug|Any CPU.Build.0 = Debug|Any CPU
		{1A26A5D2-5696-4A7B-B10E-E6070E30DBF6}.Debug|x64.ActiveCfg = Debug|Any CPU
		{1A26A5D2-5696-4A7B-B10E-E6070E30DBF6}.Debug|x64.Build.0 = Debug|Any CPU
		{1A26A5D2-5696-4A7B-B10E-E6070E30DBF6}.Debug|x86.ActiveCfg = Debug|Any CPU
		{1A26A5D2-5696-4A7B-B10E-E6070E30DBF6}.Debug|x86.Build.0 = Debug|Any CPU
		{1A26A5D2-5696-4A7B-B10E-E6070E30DBF6}.Release|Any CPU.ActiveCfg = Release|Any CPU
		{1A26A5D2-5696-4A7B-B10E-E6070E30DBF6}.Release|Any CPU.Build.0 = Release|Any CPU
		{1A26A5D2-5696-4A7B-B10E-E6070E30DBF6}.Release|x64.ActiveCfg = Release|Any CPU
		{1A26A5D2-5696-4A7B-B10E-E6070E30DBF6}.Release|x64.Build.0 = Release|Any CPU
		{1A26A5D2-5696-4A7B-B10E-E6070E30DBF6}.Release|x86.ActiveCfg = Release|Any CPU
		{1A26A5D2-5696-4A7B-B10E-E6070E30DBF6}.Release|x86.Build.0 = Release|Any CPU
		{7337B308-2E7B-40CA-BBF9-725344E97EFF}.Debug|Any CPU.ActiveCfg = Debug|Any CPU
		{7337B308-2E7B-40CA-BBF9-725344E97EFF}.Debug|Any CPU.Build.0 = Debug|Any CPU
		{7337B308-2E7B-40CA-BBF9-725344E97EFF}.Debug|x64.ActiveCfg = Debug|Any CPU
		{7337B308-2E7B-40CA-BBF9-725344E97EFF}.Debug|x64.Build.0 = Debug|Any CPU
		{7337B308-2E7B-40CA-BBF9-725344E97EFF}.Debug|x86.ActiveCfg = Debug|Any CPU
		{7337B308-2E7B-40CA-BBF9-725344E97EFF}.Debug|x86.Build.0 = Debug|Any CPU
		{7337B308-2E7B-40CA-BBF9-725344E97EFF}.Release|Any CPU.ActiveCfg = Release|Any CPU
		{7337B308-2E7B-40CA-BBF9-725344E97EFF}.Release|Any CPU.Build.0 = Release|Any CPU
		{7337B308-2E7B-40CA-BBF9-725344E97EFF}.Release|x64.ActiveCfg = Release|Any CPU
		{7337B308-2E7B-40CA-BBF9-725344E97EFF}.Release|x64.Build.0 = Release|Any CPU
		{7337B308-2E7B-40CA-BBF9-725344E97EFF}.Release|x86.ActiveCfg = Release|Any CPU
		{7337B308-2E7B-40CA-BBF9-725344E97EFF}.Release|x86.Build.0 = Release|Any CPU
		{A80421CD-499C-409E-9D5A-1DA51BBAEF93}.Debug|Any CPU.ActiveCfg = Debug|Any CPU
		{A80421CD-499C-409E-9D5A-1DA51BBAEF93}.Debug|Any CPU.Build.0 = Debug|Any CPU
		{A80421CD-499C-409E-9D5A-1DA51BBAEF93}.Debug|x64.ActiveCfg = Debug|Any CPU
		{A80421CD-499C-409E-9D5A-1DA51BBAEF93}.Debug|x64.Build.0 = Debug|Any CPU
		{A80421CD-499C-409E-9D5A-1DA51BBAEF93}.Debug|x86.ActiveCfg = Debug|Any CPU
		{A80421CD-499C-409E-9D5A-1DA51BBAEF93}.Debug|x86.Build.0 = Debug|Any CPU
		{A80421CD-499C-409E-9D5A-1DA51BBAEF93}.Release|Any CPU.ActiveCfg = Release|Any CPU
		{A80421CD-499C-409E-9D5A-1DA51BBAEF93}.Release|Any CPU.Build.0 = Release|Any CPU
		{A80421CD-499C-409E-9D5A-1DA51BBAEF93}.Release|x64.ActiveCfg = Release|Any CPU
		{A80421CD-499C-409E-9D5A-1DA51BBAEF93}.Release|x64.Build.0 = Release|Any CPU
		{A80421CD-499C-409E-9D5A-1DA51BBAEF93}.Release|x86.ActiveCfg = Release|Any CPU
		{A80421CD-499C-409E-9D5A-1DA51BBAEF93}.Release|x86.Build.0 = Release|Any CPU
		{C9D4084D-46C0-406C-9469-5B2B0A15E1EE}.Debug|Any CPU.ActiveCfg = Debug|Any CPU
		{C9D4084D-46C0-406C-9469-5B2B0A15E1EE}.Debug|Any CPU.Build.0 = Debug|Any CPU
		{C9D4084D-46C0-406C-9469-5B2B0A15E1EE}.Debug|x64.ActiveCfg = Debug|Any CPU
		{C9D4084D-46C0-406C-9469-5B2B0A15E1EE}.Debug|x64.Build.0 = Debug|Any CPU
		{C9D4084D-46C0-406C-9469-5B2B0A15E1EE}.Debug|x86.ActiveCfg = Debug|Any CPU
		{C9D4084D-46C0-406C-9469-5B2B0A15E1EE}.Debug|x86.Build.0 = Debug|Any CPU
		{C9D4084D-46C0-406C-9469-5B2B0A15E1EE}.Release|Any CPU.ActiveCfg = Release|Any CPU
		{C9D4084D-46C0-406C-9469-5B2B0A15E1EE}.Release|Any CPU.Build.0 = Release|Any CPU
		{C9D4084D-46C0-406C-9469-5B2B0A15E1EE}.Release|x64.ActiveCfg = Release|Any CPU
		{C9D4084D-46C0-406C-9469-5B2B0A15E1EE}.Release|x64.Build.0 = Release|Any CPU
		{C9D4084D-46C0-406C-9469-5B2B0A15E1EE}.Release|x86.ActiveCfg = Release|Any CPU
		{C9D4084D-46C0-406C-9469-5B2B0A15E1EE}.Release|x86.Build.0 = Release|Any CPU
		{310D33B8-22C1-45D5-8072-26345315CA5C}.Debug|Any CPU.ActiveCfg = Debug|Any CPU
		{310D33B8-22C1-45D5-8072-26345315CA5C}.Debug|Any CPU.Build.0 = Debug|Any CPU
		{310D33B8-22C1-45D5-8072-26345315CA5C}.Debug|x64.ActiveCfg = Debug|Any CPU
		{310D33B8-22C1-45D5-8072-26345315CA5C}.Debug|x64.Build.0 = Debug|Any CPU
		{310D33B8-22C1-45D5-8072-26345315CA5C}.Debug|x86.ActiveCfg = Debug|Any CPU
		{310D33B8-22C1-45D5-8072-26345315CA5C}.Debug|x86.Build.0 = Debug|Any CPU
		{310D33B8-22C1-45D5-8072-26345315CA5C}.Release|Any CPU.ActiveCfg = Release|Any CPU
		{310D33B8-22C1-45D5-8072-26345315CA5C}.Release|Any CPU.Build.0 = Release|Any CPU
		{310D33B8-22C1-45D5-8072-26345315CA5C}.Release|x64.ActiveCfg = Release|Any CPU
		{310D33B8-22C1-45D5-8072-26345315CA5C}.Release|x64.Build.0 = Release|Any CPU
		{310D33B8-22C1-45D5-8072-26345315CA5C}.Release|x86.ActiveCfg = Release|Any CPU
		{310D33B8-22C1-45D5-8072-26345315CA5C}.Release|x86.Build.0 = Release|Any CPU
		{E9239081-B26C-476B-AC37-A4F4B1FB4458}.Debug|Any CPU.ActiveCfg = Debug|Any CPU
		{E9239081-B26C-476B-AC37-A4F4B1FB4458}.Debug|Any CPU.Build.0 = Debug|Any CPU
		{E9239081-B26C-476B-AC37-A4F4B1FB4458}.Debug|x64.ActiveCfg = Debug|Any CPU
		{E9239081-B26C-476B-AC37-A4F4B1FB4458}.Debug|x64.Build.0 = Debug|Any CPU
		{E9239081-B26C-476B-AC37-A4F4B1FB4458}.Debug|x86.ActiveCfg = Debug|Any CPU
		{E9239081-B26C-476B-AC37-A4F4B1FB4458}.Debug|x86.Build.0 = Debug|Any CPU
		{E9239081-B26C-476B-AC37-A4F4B1FB4458}.Release|Any CPU.ActiveCfg = Release|Any CPU
		{E9239081-B26C-476B-AC37-A4F4B1FB4458}.Release|Any CPU.Build.0 = Release|Any CPU
		{E9239081-B26C-476B-AC37-A4F4B1FB4458}.Release|x64.ActiveCfg = Release|Any CPU
		{E9239081-B26C-476B-AC37-A4F4B1FB4458}.Release|x64.Build.0 = Release|Any CPU
		{E9239081-B26C-476B-AC37-A4F4B1FB4458}.Release|x86.ActiveCfg = Release|Any CPU
		{E9239081-B26C-476B-AC37-A4F4B1FB4458}.Release|x86.Build.0 = Release|Any CPU
		{EC4FE0EE-BA83-468C-A686-4F8224B7795F}.Debug|Any CPU.ActiveCfg = Debug|Any CPU
		{EC4FE0EE-BA83-468C-A686-4F8224B7795F}.Debug|Any CPU.Build.0 = Debug|Any CPU
		{EC4FE0EE-BA83-468C-A686-4F8224B7795F}.Debug|x64.ActiveCfg = Debug|Any CPU
		{EC4FE0EE-BA83-468C-A686-4F8224B7795F}.Debug|x64.Build.0 = Debug|Any CPU
		{EC4FE0EE-BA83-468C-A686-4F8224B7795F}.Debug|x86.ActiveCfg = Debug|Any CPU
		{EC4FE0EE-BA83-468C-A686-4F8224B7795F}.Debug|x86.Build.0 = Debug|Any CPU
		{EC4FE0EE-BA83-468C-A686-4F8224B7795F}.Release|Any CPU.ActiveCfg = Release|Any CPU
		{EC4FE0EE-BA83-468C-A686-4F8224B7795F}.Release|Any CPU.Build.0 = Release|Any CPU
		{EC4FE0EE-BA83-468C-A686-4F8224B7795F}.Release|x64.ActiveCfg = Release|Any CPU
		{EC4FE0EE-BA83-468C-A686-4F8224B7795F}.Release|x64.Build.0 = Release|Any CPU
		{EC4FE0EE-BA83-468C-A686-4F8224B7795F}.Release|x86.ActiveCfg = Release|Any CPU
		{EC4FE0EE-BA83-468C-A686-4F8224B7795F}.Release|x86.Build.0 = Release|Any CPU
		{73B6C5C2-F191-4874-A96D-BDAA9CDB2F9D}.Debug|Any CPU.ActiveCfg = Debug|Any CPU
		{73B6C5C2-F191-4874-A96D-BDAA9CDB2F9D}.Debug|Any CPU.Build.0 = Debug|Any CPU
		{73B6C5C2-F191-4874-A96D-BDAA9CDB2F9D}.Debug|x64.ActiveCfg = Debug|Any CPU
		{73B6C5C2-F191-4874-A96D-BDAA9CDB2F9D}.Debug|x64.Build.0 = Debug|Any CPU
		{73B6C5C2-F191-4874-A96D-BDAA9CDB2F9D}.Debug|x86.ActiveCfg = Debug|Any CPU
		{73B6C5C2-F191-4874-A96D-BDAA9CDB2F9D}.Debug|x86.Build.0 = Debug|Any CPU
		{73B6C5C2-F191-4874-A96D-BDAA9CDB2F9D}.Release|Any CPU.ActiveCfg = Release|Any CPU
		{73B6C5C2-F191-4874-A96D-BDAA9CDB2F9D}.Release|Any CPU.Build.0 = Release|Any CPU
		{73B6C5C2-F191-4874-A96D-BDAA9CDB2F9D}.Release|x64.ActiveCfg = Release|Any CPU
		{73B6C5C2-F191-4874-A96D-BDAA9CDB2F9D}.Release|x64.Build.0 = Release|Any CPU
		{73B6C5C2-F191-4874-A96D-BDAA9CDB2F9D}.Release|x86.ActiveCfg = Release|Any CPU
		{73B6C5C2-F191-4874-A96D-BDAA9CDB2F9D}.Release|x86.Build.0 = Release|Any CPU
	EndGlobalSection
	GlobalSection(SolutionProperties) = preSolution
		HideSolutionNode = FALSE
	EndGlobalSection
	GlobalSection(NestedProjects) = preSolution
		{78603465-25AE-1654-9AC0-674414C639E7} = {896A7617-D98E-96F4-CF5B-964F4EC1A34A}
		{1A26A5D2-5696-4A7B-B10E-E6070E30DBF6} = {78603465-25AE-1654-9AC0-674414C639E7}
		{7337B308-2E7B-40CA-BBF9-725344E97EFF} = {78603465-25AE-1654-9AC0-674414C639E7}
		{0EC5BBCA-D07F-3DD1-AFCB-661DA8EDE1FF} = {896A7617-D98E-96F4-CF5B-964F4EC1A34A}
		{A80421CD-499C-409E-9D5A-1DA51BBAEF93} = {0EC5BBCA-D07F-3DD1-AFCB-661DA8EDE1FF}
		{C9D4084D-46C0-406C-9469-5B2B0A15E1EE} = {0EC5BBCA-D07F-3DD1-AFCB-661DA8EDE1FF}
		{5E9F3305-55AA-202C-434D-EF4C3550337B} = {896A7617-D98E-96F4-CF5B-964F4EC1A34A}
		{310D33B8-22C1-45D5-8072-26345315CA5C} = {5E9F3305-55AA-202C-434D-EF4C3550337B}
		{E9239081-B26C-476B-AC37-A4F4B1FB4458} = {5E9F3305-55AA-202C-434D-EF4C3550337B}
		{1901C3C1-A70D-E31A-6848-AF6B6CCBDBD3} = {896A7617-D98E-96F4-CF5B-964F4EC1A34A}
		{EC4FE0EE-BA83-468C-A686-4F8224B7795F} = {1901C3C1-A70D-E31A-6848-AF6B6CCBDBD3}
		{73B6C5C2-F191-4874-A96D-BDAA9CDB2F9D} = {1901C3C1-A70D-E31A-6848-AF6B6CCBDBD3}
	EndGlobalSection
EndGlobal
